// !$*UTF8*$!
{
	archiveVersion = 1;
	classes = {
	};
	objectVersion = 55;
	objects = {

/* Begin PBXBuildFile section */
		30D6FD96292E989D00A30F37 /* AppDelegate.swift in Sources */ = {isa = PBXBuildFile; fileRef = 30D6FD95292E989D00A30F37 /* AppDelegate.swift */; };
		30D6FD98292E989D00A30F37 /* SceneDelegate.swift in Sources */ = {isa = PBXBuildFile; fileRef = 30D6FD97292E989D00A30F37 /* SceneDelegate.swift */; };
		30D6FD9A292E989D00A30F37 /* ViewController.swift in Sources */ = {isa = PBXBuildFile; fileRef = 30D6FD99292E989D00A30F37 /* ViewController.swift */; };
		30D6FD9D292E989D00A30F37 /* Main.storyboard in Resources */ = {isa = PBXBuildFile; fileRef = 30D6FD9B292E989D00A30F37 /* Main.storyboard */; };
		30D6FD9F292E989E00A30F37 /* Assets.xcassets in Resources */ = {isa = PBXBuildFile; fileRef = 30D6FD9E292E989E00A30F37 /* Assets.xcassets */; };
		30D6FDA2292E989E00A30F37 /* LaunchScreen.storyboard in Resources */ = {isa = PBXBuildFile; fileRef = 30D6FDA0292E989E00A30F37 /* LaunchScreen.storyboard */; };
		3AC3F525E8B9457082AAAF68 /* Pods_RecodeApp.framework in Frameworks */ = {isa = PBXBuildFile; fileRef = 2A785658C2D3C66510F038CC /* Pods_RecodeApp.framework */; };
/* End PBXBuildFile section */

/* Begin PBXFileReference section */
		2A785658C2D3C66510F038CC /* Pods_RecodeApp.framework */ = {isa = PBXFileReference; explicitFileType = wrapper.framework; includeInIndex = 0; path = Pods_RecodeApp.framework; sourceTree = BUILT_PRODUCTS_DIR; };
		30D6FD92292E989D00A30F37 /* RecodeApp.app */ = {isa = PBXFileReference; explicitFileType = wrapper.application; includeInIndex = 0; path = RecodeApp.app; sourceTree = BUILT_PRODUCTS_DIR; };
		30D6FD95292E989D00A30F37 /* AppDelegate.swift */ = {isa = PBXFileReference; lastKnownFileType = sourcecode.swift; path = AppDelegate.swift; sourceTree = "<group>"; };
		30D6FD97292E989D00A30F37 /* SceneDelegate.swift */ = {isa = PBXFileReference; lastKnownFileType = sourcecode.swift; path = SceneDelegate.swift; sourceTree = "<group>"; };
		30D6FD99292E989D00A30F37 /* ViewController.swift */ = {isa = PBXFileReference; lastKnownFileType = sourcecode.swift; path = ViewController.swift; sourceTree = "<group>"; };
		30D6FD9C292E989D00A30F37 /* Base */ = {isa = PBXFileReference; lastKnownFileType = file.storyboard; name = Base; path = Base.lproj/Main.storyboard; sourceTree = "<group>"; };
		30D6FD9E292E989E00A30F37 /* Assets.xcassets */ = {isa = PBXFileReference; lastKnownFileType = folder.assetcatalog; path = Assets.xcassets; sourceTree = "<group>"; };
		30D6FDA1292E989E00A30F37 /* Base */ = {isa = PBXFileReference; lastKnownFileType = file.storyboard; name = Base; path = Base.lproj/LaunchScreen.storyboard; sourceTree = "<group>"; };
		30D6FDA3292E989E00A30F37 /* Info.plist */ = {isa = PBXFileReference; lastKnownFileType = text.plist.xml; path = Info.plist; sourceTree = "<group>"; };
		366D4C070031C00C7A1DDE1B /* Pods-RecodeApp.debug.xcconfig */ = {isa = PBXFileReference; includeInIndex = 1; lastKnownFileType = text.xcconfig; name = "Pods-RecodeApp.debug.xcconfig"; path = "Target Support Files/Pods-RecodeApp/Pods-RecodeApp.debug.xcconfig"; sourceTree = "<group>"; };
		460DFFDD59DEB0C7637AE6CB /* Pods-RecodeApp.release.xcconfig */ = {isa = PBXFileReference; includeInIndex = 1; lastKnownFileType = text.xcconfig; name = "Pods-RecodeApp.release.xcconfig"; path = "Target Support Files/Pods-RecodeApp/Pods-RecodeApp.release.xcconfig"; sourceTree = "<group>"; };
/* End PBXFileReference section */

/* Begin PBXFrameworksBuildPhase section */
		30D6FD8F292E989D00A30F37 /* Frameworks */ = {
			isa = PBXFrameworksBuildPhase;
			buildActionMask = 2147483647;
			files = (
				3AC3F525E8B9457082AAAF68 /* Pods_RecodeApp.framework in Frameworks */,
			);
			runOnlyForDeploymentPostprocessing = 0;
		};
/* End PBXFrameworksBuildPhase section */

/* Begin PBXGroup section */
		30D6FD89292E989D00A30F37 = {
			isa = PBXGroup;
			children = (
				30D6FD94292E989D00A30F37 /* RecodeApp */,
				30D6FD93292E989D00A30F37 /* Products */,
				C2BED81EB2858C0E4E0A2627 /* Pods */,
				A4C9D3F8E03076EA6C6C0681 /* Frameworks */,
			);
			sourceTree = "<group>";
		};
		30D6FD93292E989D00A30F37 /* Products */ = {
			isa = PBXGroup;
			children = (
				30D6FD92292E989D00A30F37 /* RecodeApp.app */,
			);
			name = Products;
			sourceTree = "<group>";
		};
		30D6FD94292E989D00A30F37 /* RecodeApp */ = {
			isa = PBXGroup;
			children = (
				30D6FD95292E989D00A30F37 /* AppDelegate.swift */,
				30D6FD97292E989D00A30F37 /* SceneDelegate.swift */,
				30D6FD99292E989D00A30F37 /* ViewController.swift */,
				30D6FD9B292E989D00A30F37 /* Main.storyboard */,
				30D6FD9E292E989E00A30F37 /* Assets.xcassets */,
				30D6FDA0292E989E00A30F37 /* LaunchScreen.storyboard */,
				30D6FDA3292E989E00A30F37 /* Info.plist */,
			);
			path = RecodeApp;
			sourceTree = "<group>";
		};
		A4C9D3F8E03076EA6C6C0681 /* Frameworks */ = {
			isa = PBXGroup;
			children = (
				2A785658C2D3C66510F038CC /* Pods_RecodeApp.framework */,
			);
			name = Frameworks;
			sourceTree = "<group>";
		};
		C2BED81EB2858C0E4E0A2627 /* Pods */ = {
			isa = PBXGroup;
			children = (
				366D4C070031C00C7A1DDE1B /* Pods-RecodeApp.debug.xcconfig */,
				460DFFDD59DEB0C7637AE6CB /* Pods-RecodeApp.release.xcconfig */,
			);
			name = Pods;
			path = Pods;
			sourceTree = "<group>";
		};
/* End PBXGroup section */

/* Begin PBXNativeTarget section */
		30D6FD91292E989D00A30F37 /* RecodeApp */ = {
			isa = PBXNativeTarget;
			buildConfigurationList = 30D6FDA6292E989E00A30F37 /* Build configuration list for PBXNativeTarget "RecodeApp" */;
			buildPhases = (
				6E348D33107BF5CC8B1762B0 /* [CP] Check Pods Manifest.lock */,
				30D6FD8E292E989D00A30F37 /* Sources */,
				30D6FD8F292E989D00A30F37 /* Frameworks */,
				30D6FD90292E989D00A30F37 /* Resources */,
			);
			buildRules = (
			);
			dependencies = (
			);
			name = RecodeApp;
			productName = RecodeApp;
			productReference = 30D6FD92292E989D00A30F37 /* RecodeApp.app */;
			productType = "com.apple.product-type.application";
		};
/* End PBXNativeTarget section */

/* Begin PBXProject section */
		30D6FD8A292E989D00A30F37 /* Project object */ = {
			isa = PBXProject;
			attributes = {
				BuildIndependentTargetsInParallel = 1;
				LastSwiftUpdateCheck = 1410;
				LastUpgradeCheck = 1410;
				TargetAttributes = {
					30D6FD91292E989D00A30F37 = {
						CreatedOnToolsVersion = 14.1;
					};
				};
			};
			buildConfigurationList = 30D6FD8D292E989D00A30F37 /* Build configuration list for PBXProject "RecodeApp" */;
			compatibilityVersion = "Xcode 13.0";
			developmentRegion = en;
			hasScannedForEncodings = 0;
			knownRegions = (
				en,
				Base,
			);
			mainGroup = 30D6FD89292E989D00A30F37;
			productRefGroup = 30D6FD93292E989D00A30F37 /* Products */;
			projectDirPath = "";
			projectRoot = "";
			targets = (
				30D6FD91292E989D00A30F37 /* RecodeApp */,
			);
		};
/* End PBXProject section */

/* Begin PBXResourcesBuildPhase section */
		30D6FD90292E989D00A30F37 /* Resources */ = {
			isa = PBXResourcesBuildPhase;
			buildActionMask = 2147483647;
			files = (
				30D6FDA2292E989E00A30F37 /* LaunchScreen.storyboard in Resources */,
				30D6FD9F292E989E00A30F37 /* Assets.xcassets in Resources */,
				30D6FD9D292E989D00A30F37 /* Main.storyboard in Resources */,
			);
			runOnlyForDeploymentPostprocessing = 0;
		};
/* End PBXResourcesBuildPhase section */

/* Begin PBXShellScriptBuildPhase section */
		6E348D33107BF5CC8B1762B0 /* [CP] Check Pods Manifest.lock */ = {
			isa = PBXShellScriptBuildPhase;
			buildActionMask = 2147483647;
			files = (
			);
			inputFileListPaths = (
			);
			inputPaths = (
				"${PODS_PODFILE_DIR_PATH}/Podfile.lock",
				"${PODS_ROOT}/Manifest.lock",
			);
			name = "[CP] Check Pods Manifest.lock";
			outputFileListPaths = (
			);
			outputPaths = (
				"$(DERIVED_FILE_DIR)/Pods-RecodeApp-checkManifestLockResult.txt",
			);
			runOnlyForDeploymentPostprocessing = 0;
			shellPath = /bin/sh;
			shellScript = "diff \"${PODS_PODFILE_DIR_PATH}/Podfile.lock\" \"${PODS_ROOT}/Manifest.lock\" > /dev/null\nif [ $? != 0 ] ; then\n    # print error to STDERR\n    echo \"error: The sandbox is not in sync with the Podfile.lock. Run 'pod install' or update your CocoaPods installation.\" >&2\n    exit 1\nfi\n# This output is used by Xcode 'outputs' to avoid re-running this script phase.\necho \"SUCCESS\" > \"${SCRIPT_OUTPUT_FILE_0}\"\n";
			showEnvVarsInLog = 0;
		};
/* End PBXShellScriptBuildPhase section */

/* Begin PBXSourcesBuildPhase section */
		30D6FD8E292E989D00A30F37 /* Sources */ = {
			isa = PBXSourcesBuildPhase;
			buildActionMask = 2147483647;
			files = (
				30D6FD9A292E989D00A30F37 /* ViewController.swift in Sources */,
				30D6FD96292E989D00A30F37 /* AppDelegate.swift in Sources */,
				30D6FD98292E989D00A30F37 /* SceneDelegate.swift in Sources */,
			);
			runOnlyForDeploymentPostprocessing = 0;
		};
/* End PBXSourcesBuildPhase section */

/* Begin PBXVariantGroup section */
		30D6FD9B292E989D00A30F37 /* Main.storyboard */ = {
			isa = PBXVariantGroup;
			children = (
				30D6FD9C292E989D00A30F37 /* Base */,
			);
			name = Main.storyboard;
			sourceTree = "<group>";
		};
		30D6FDA0292E989E00A30F37 /* LaunchScreen.storyboard */ = {
			isa = PBXVariantGroup;
			children = (
				30D6FDA1292E989E00A30F37 /* Base */,
			);
			name = LaunchScreen.storyboard;
			sourceTree = "<group>";
		};
/* End PBXVariantGroup section */

/* Begin XCBuildConfiguration section */
		30D6FDA4292E989E00A30F37 /* Debug */ = {
			isa = XCBuildConfiguration;
			buildSettings = {
				ALWAYS_SEARCH_USER_PATHS = NO;
				CLANG_ANALYZER_NONNULL = YES;
				CLANG_ANALYZER_NUMBER_OBJECT_CONVERSION = YES_AGGRESSIVE;
				CLANG_CXX_LANGUAGE_STANDARD = "gnu++20";
				CLANG_ENABLE_MODULES = YES;
				CLANG_ENABLE_OBJC_ARC = YES;
				CLANG_ENABLE_OBJC_WEAK = YES;
				CLANG_WARN_BLOCK_CAPTURE_AUTORELEASING = YES;
				CLANG_WARN_BOOL_CONVERSION = YES;
				CLANG_WARN_COMMA = YES;
				CLANG_WARN_CONSTANT_CONVERSION = YES;
				CLANG_WARN_DEPRECATED_OBJC_IMPLEMENTATIONS = YES;
				CLANG_WARN_DIRECT_OBJC_ISA_USAGE = YES_ERROR;
				CLANG_WARN_DOCUMENTATION_COMMENTS = YES;
				CLANG_WARN_EMPTY_BODY = YES;
				CLANG_WARN_ENUM_CONVERSION = YES;
				CLANG_WARN_INFINITE_RECURSION = YES;
				CLANG_WARN_INT_CONVERSION = YES;
				CLANG_WARN_NON_LITERAL_NULL_CONVERSION = YES;
				CLANG_WARN_OBJC_IMPLICIT_RETAIN_SELF = YES;
				CLANG_WARN_OBJC_LITERAL_CONVERSION = YES;
				CLANG_WARN_OBJC_ROOT_CLASS = YES_ERROR;
				CLANG_WARN_QUOTED_INCLUDE_IN_FRAMEWORK_HEADER = YES;
				CLANG_WARN_RANGE_LOOP_ANALYSIS = YES;
				CLANG_WARN_STRICT_PROTOTYPES = YES;
				CLANG_WARN_SUSPICIOUS_MOVE = YES;
				CLANG_WARN_UNGUARDED_AVAILABILITY = YES_AGGRESSIVE;
				CLANG_WARN_UNREACHABLE_CODE = YES;
				CLANG_WARN__DUPLICATE_METHOD_MATCH = YES;
				COPY_PHASE_STRIP = NO;
				DEBUG_INFORMATION_FORMAT = dwarf;
				ENABLE_STRICT_OBJC_MSGSEND = YES;
				ENABLE_TESTABILITY = YES;
				GCC_C_LANGUAGE_STANDARD = gnu11;
				GCC_DYNAMIC_NO_PIC = NO;
				GCC_NO_COMMON_BLOCKS = YES;
				GCC_OPTIMIZATION_LEVEL = 0;
				GCC_PREPROCESSOR_DEFINITIONS = (
					"DEBUG=1",
					"$(inherited)",
				);
				GCC_WARN_64_TO_32_BIT_CONVERSION = YES;
				GCC_WARN_ABOUT_RETURN_TYPE = YES_ERROR;
				GCC_WARN_UNDECLARED_SELECTOR = YES;
				GCC_WARN_UNINITIALIZED_AUTOS = YES_AGGRESSIVE;
				GCC_WARN_UNUSED_FUNCTION = YES;
				GCC_WARN_UNUSED_VARIABLE = YES;
				IPHONEOS_DEPLOYMENT_TARGET = 16.1;
				MTL_ENABLE_DEBUG_INFO = INCLUDE_SOURCE;
				MTL_FAST_MATH = YES;
				ONLY_ACTIVE_ARCH = YES;
				SDKROOT = iphoneos;
				SWIFT_ACTIVE_COMPILATION_CONDITIONS = DEBUG;
				SWIFT_OPTIMIZATION_LEVEL = "-Onone";
			};
			name = Debug;
		};
		30D6FDA5292E989E00A30F37 /* Release */ = {
			isa = XCBuildConfiguration;
			buildSettings = {
				ALWAYS_SEARCH_USER_PATHS = NO;
				CLANG_ANALYZER_NONNULL = YES;
				CLANG_ANALYZER_NUMBER_OBJECT_CONVERSION = YES_AGGRESSIVE;
				CLANG_CXX_LANGUAGE_STANDARD = "gnu++20";
				CLANG_ENABLE_MODULES = YES;
				CLANG_ENABLE_OBJC_ARC = YES;
				CLANG_ENABLE_OBJC_WEAK = YES;
				CLANG_WARN_BLOCK_CAPTURE_AUTORELEASING = YES;
				CLANG_WARN_BOOL_CONVERSION = YES;
				CLANG_WARN_COMMA = YES;
				CLANG_WARN_CONSTANT_CONVERSION = YES;
				CLANG_WARN_DEPRECATED_OBJC_IMPLEMENTATIONS = YES;
				CLANG_WARN_DIRECT_OBJC_ISA_USAGE = YES_ERROR;
				CLANG_WARN_DOCUMENTATION_COMMENTS = YES;
				CLANG_WARN_EMPTY_BODY = YES;
				CLANG_WARN_ENUM_CONVERSION = YES;
				CLANG_WARN_INFINITE_RECURSION = YES;
				CLANG_WARN_INT_CONVERSION = YES;
				CLANG_WARN_NON_LITERAL_NULL_CONVERSION = YES;
				CLANG_WARN_OBJC_IMPLICIT_RETAIN_SELF = YES;
				CLANG_WARN_OBJC_LITERAL_CONVERSION = YES;
				CLANG_WARN_OBJC_ROOT_CLASS = YES_ERROR;
				CLANG_WARN_QUOTED_INCLUDE_IN_FRAMEWORK_HEADER = YES;
				CLANG_WARN_RANGE_LOOP_ANALYSIS = YES;
				CLANG_WARN_STRICT_PROTOTYPES = YES;
				CLANG_WARN_SUSPICIOUS_MOVE = YES;
				CLANG_WARN_UNGUARDED_AVAILABILITY = YES_AGGRESSIVE;
				CLANG_WARN_UNREACHABLE_CODE = YES;
				CLANG_WARN__DUPLICATE_METHOD_MATCH = YES;
				COPY_PHASE_STRIP = NO;
				DEBUG_INFORMATION_FORMAT = "dwarf-with-dsym";
				ENABLE_NS_ASSERTIONS = NO;
				ENABLE_STRICT_OBJC_MSGSEND = YES;
				GCC_C_LANGUAGE_STANDARD = gnu11;
				GCC_NO_COMMON_BLOCKS = YES;
				GCC_WARN_64_TO_32_BIT_CONVERSION = YES;
				GCC_WARN_ABOUT_RETURN_TYPE = YES_ERROR;
				GCC_WARN_UNDECLARED_SELECTOR = YES;
				GCC_WARN_UNINITIALIZED_AUTOS = YES_AGGRESSIVE;
				GCC_WARN_UNUSED_FUNCTION = YES;
				GCC_WARN_UNUSED_VARIABLE = YES;
				IPHONEOS_DEPLOYMENT_TARGET = 16.1;
				MTL_ENABLE_DEBUG_INFO = NO;
				MTL_FAST_MATH = YES;
				SDKROOT = iphoneos;
				SWIFT_COMPILATION_MODE = wholemodule;
				SWIFT_OPTIMIZATION_LEVEL = "-O";
				VALIDATE_PRODUCT = YES;
			};
			name = Release;
		};
		30D6FDA7292E989E00A30F37 /* Debug */ = {
			isa = XCBuildConfiguration;
			baseConfigurationReference = 366D4C070031C00C7A1DDE1B /* Pods-RecodeApp.debug.xcconfig */;
			buildSettings = {
				ASSETCATALOG_COMPILER_APPICON_NAME = AppIcon;
				ASSETCATALOG_COMPILER_GLOBAL_ACCENT_COLOR_NAME = AccentColor;
				CODE_SIGN_STYLE = Automatic;
				CURRENT_PROJECT_VERSION = 1;
				DEVELOPMENT_TEAM = 9Y3C29YBST;
				GENERATE_INFOPLIST_FILE = YES;
				INFOPLIST_FILE = RecodeApp/Info.plist;
				INFOPLIST_KEY_UIApplicationSupportsIndirectInputEvents = YES;
				INFOPLIST_KEY_UILaunchStoryboardName = LaunchScreen;
				INFOPLIST_KEY_UIMainStoryboardFile = Main;
				INFOPLIST_KEY_UISupportedInterfaceOrientations_iPad = "UIInterfaceOrientationPortrait UIInterfaceOrientationPortraitUpsideDown UIInterfaceOrientationLandscapeLeft UIInterfaceOrientationLandscapeRight";
				INFOPLIST_KEY_UISupportedInterfaceOrientations_iPhone = "UIInterfaceOrientationPortrait UIInterfaceOrientationLandscapeLeft UIInterfaceOrientationLandscapeRight";
				LD_RUNPATH_SEARCH_PATHS = (
					"$(inherited)",
					"@executable_path/Frameworks",
				);
				MARKETING_VERSION = 1.0;
				PRODUCT_BUNDLE_IDENTIFIER = "-23.RecodeApp";
				PRODUCT_NAME = "$(TARGET_NAME)";
				SWIFT_EMIT_LOC_STRINGS = YES;
				SWIFT_VERSION = 5.0;
				TARGETED_DEVICE_FAMILY = "1,2";
			};
			name = Debug;
		};
		30D6FDA8292E989E00A30F37 /* Release */ = {
			isa = XCBuildConfiguration;
			baseConfigurationReference = 460DFFDD59DEB0C7637AE6CB /* Pods-RecodeApp.release.xcconfig */;
			buildSettings = {
				ASSETCATALOG_COMPILER_APPICON_NAME = AppIcon;
				ASSETCATALOG_COMPILER_GLOBAL_ACCENT_COLOR_NAME = AccentColor;
				CODE_SIGN_STYLE = Automatic;
				CURRENT_PROJECT_VERSION = 1;
				DEVELOPMENT_TEAM = 9Y3C29YBST;
				GENERATE_INFOPLIST_FILE = YES;
				INFOPLIST_FILE = RecodeApp/Info.plist;
				INFOPLIST_KEY_UIApplicationSupportsIndirectInputEvents = YES;
				INFOPLIST_KEY_UILaunchStoryboardName = LaunchScreen;
				INFOPLIST_KEY_UIMainStoryboardFile = Main;
				INFOPLIST_KEY_UISupportedInterfaceOrientations_iPad = "UIInterfaceOrientationPortrait UIInterfaceOrientationPortraitUpsideDown UIInterfaceOrientationLandscapeLeft UIInterfaceOrientationLandscapeRight";
				INFOPLIST_KEY_UISupportedInterfaceOrientations_iPhone = "UIInterfaceOrientationPortrait UIInterfaceOrientationLandscapeLeft UIInterfaceOrientationLandscapeRight";
				LD_RUNPATH_SEARCH_PATHS = (
					"$(inherited)",
					"@executable_path/Frameworks",
				);
				MARKETING_VERSION = 1.0;
				PRODUCT_BUNDLE_IDENTIFIER = "-23.RecodeApp";
				PRODUCT_NAME = "$(TARGET_NAME)";
				SWIFT_EMIT_LOC_STRINGS = YES;
				SWIFT_VERSION = 5.0;
				TARGETED_DEVICE_FAMILY = "1,2";
			};
			name = Release;
		};
/* End XCBuildConfiguration section */

/* Begin XCConfigurationList section */
		30D6FD8D292E989D00A30F37 /* Build configuration list for PBXProject "RecodeApp" */ = {
			isa = XCConfigurationList;
			buildConfigurations = (
				30D6FDA4292E989E00A30F37 /* Debug */,
				30D6FDA5292E989E00A30F37 /* Release */,
			);
			defaultConfigurationIsVisible = 0;
			defaultConfigurationName = Release;
		};
		30D6FDA6292E989E00A30F37 /* Build configuration list for PBXNativeTarget "RecodeApp" */ = {
			isa = XCConfigurationList;
			buildConfigurations = (
				30D6FDA7292E989E00A30F37 /* Debug */,
				30D6FDA8292E989E00A30F37 /* Release */,
			);
			defaultConfigurationIsVisible = 0;
			defaultConfigurationName = Release;
		};
/* End XCConfigurationList section */
	};
	rootObject = 30D6FD8A292E989D00A30F37 /* Project object */;
}
